{
  "name": "mbta_metro",
  "version": "0.0.1",
  "lockfileVersion": 3,
  "requires": true,
  "packages": {
    "": {
      "name": "mbta_metro",
      "version": "0.0.1",
      "license": "GPL-3.0-or-later",
      "dependencies": {
        "mbta_metro": "0.0.1-alpha"
      }
    },
    "../../mbta_metro_npm": {
      "name": "mbta_metro",
      "version": "0.0.1-alpha",
      "license": "GPL-3.0-or-later",
      "dependencies": {
        "@tailwindcss/forms": "^0.5.9",
        "maplibre-gl": "^4.7.0",
        "preline": "^2.4.1"
      }
    },
    "node_modules/mbta_metro": {
      "resolved": "../../mbta_metro_npm",
      "link": true
    }
  }
}
