{
  "name": "blocks",
  "version": "0.0.1",
  "lockfileVersion": 3,
  "requires": true,
  "packages": {
    "": {
      "name": "blocks",
      "version": "0.0.1",
      "license": "GPL-3.0-or-later",
      "devDependencies": {
        "preline": "^2.4.1"
      }
    },
    "node_modules/@popperjs/core": {
      "version": "2.11.8",
      "resolved": "https://registry.npmjs.org/@popperjs/core/-/core-2.11.8.tgz",
      "integrity": "sha512-P1st0aksCrn9sGZhp8GMYwBnQsbvAWsZAX44oXNNvLHGqAOcoVxmjZiohstwQ7SqKnbR47akdNi+uleWD8+g6A==",
      "dev": true,
      "funding": {
        "type": "opencollective",
        "url": "https://opencollective.com/popperjs"
      }
    },
    "node_modules/preline": {
      "version": "2.4.1",
      "resolved": "https://registry.npmjs.org/preline/-/preline-2.4.1.tgz",
      "integrity": "sha512-30yx5s2gEOTBWXSTPa+Th23/kGryn9Inhmp9KPzz9G8DZPp9j/LkGyyrSvdsuXh4Clc/sJFLObumFrbI/WmB0w==",
      "dev": true,
      "dependencies": {
        "@popperjs/core": "^2.11.2"
      }
    }
  }
}
